
Microsoft Visual Studio Solution File, Format Version 12.00
# Visual Studio 15
VisualStudioVersion = 15.0.25807.0
MinimumVisualStudioVersion = 10.0.40219.1
Project("{2150E333-8FDC-42A3-9474-1A3956D46DE8}") = "Engine", "Engine", "{B51F0EEA-AEEF-4852-8400-B4C920E56226}"
EndProject
Project("{2150E333-8FDC-42A3-9474-1A3956D46DE8}") = "Enterprise", "Enterprise", "{9BB8090F-27E1-4939-B4F0-A8FCFEABC71B}"
EndProject
Project("{2150E333-8FDC-42A3-9474-1A3956D46DE8}") = "Games", "Games", "{6539D7DD-DA74-48BC-84D4-EA5A45483550}"
EndProject
Project("{8BC9CEB8-8B4A-11D0-8D11-00A0C91BC942}") = "UE4", "Intermediate\ProjectFiles\UE4.vcxproj", "{155683BB-5993-4075-9270-11D3D67EB46C}"
EndProject
Project("{8BC9CEB8-8B4A-11D0-8D11-00A0C91BC942}") = "Studio", "Intermediate\ProjectFiles\Studio.vcxproj", "{7BA5B5ED-1A2E-47CF-AD02-D047EA291CAC}"
EndProject
Project("{8BC9CEB8-8B4A-11D0-8D11-00A0C91BC942}") = "Escape_New", "Intermediate\ProjectFiles\Escape_New.vcxproj", "{81F63E99-8DE3-495E-B32E-192DF01D31AB}"
EndProject
Global
	GlobalSection(SolutionConfigurationPlatforms) = preSolution
		DebugGame Editor|HTML5 = DebugGame Editor|HTML5
		DebugGame Editor|IOS = DebugGame Editor|IOS
		DebugGame Editor|Win32 = DebugGame Editor|Win32
		DebugGame Editor|Win64 = DebugGame Editor|Win64
		DebugGame|HTML5 = DebugGame|HTML5
		DebugGame|IOS = DebugGame|IOS
		DebugGame|Win32 = DebugGame|Win32
		DebugGame|Win64 = DebugGame|Win64
		Development Editor|HTML5 = Development Editor|HTML5
		Development Editor|IOS = Development Editor|IOS
		Development Editor|Win32 = Development Editor|Win32
		Development Editor|Win64 = Development Editor|Win64
		Development|HTML5 = Development|HTML5
		Development|IOS = Development|IOS
		Development|Win32 = Development|Win32
		Development|Win64 = Development|Win64
		Shipping|HTML5 = Shipping|HTML5
		Shipping|IOS = Shipping|IOS
		Shipping|Win32 = Shipping|Win32
		Shipping|Win64 = Shipping|Win64
	EndGlobalSection
	GlobalSection(ProjectConfigurationPlatforms) = postSolution
		{155683BB-5993-4075-9270-11D3D67EB46C}.DebugGame Editor|HTML5.ActiveCfg = BuiltWithUnrealBuildTool|Win32
		{155683BB-5993-4075-9270-11D3D67EB46C}.DebugGame Editor|HTML5.Build.0 = BuiltWithUnrealBuildTool|Win32
		{155683BB-5993-4075-9270-11D3D67EB46C}.DebugGame Editor|IOS.ActiveCfg = BuiltWithUnrealBuildTool|Win32
		{155683BB-5993-4075-9270-11D3D67EB46C}.DebugGame Editor|IOS.Build.0 = BuiltWithUnrealBuildTool|Win32
		{155683BB-5993-4075-9270-11D3D67EB46C}.DebugGame Editor|Win32.ActiveCfg = BuiltWithUnrealBuildTool|Win32
		{155683BB-5993-4075-9270-11D3D67EB46C}.DebugGame Editor|Win32.Build.0 = BuiltWithUnrealBuildTool|Win32
		{155683BB-5993-4075-9270-11D3D67EB46C}.DebugGame Editor|Win64.ActiveCfg = BuiltWithUnrealBuildTool|Win32
		{155683BB-5993-4075-9270-11D3D67EB46C}.DebugGame Editor|Win64.Build.0 = BuiltWithUnrealBuildTool|Win32
		{155683BB-5993-4075-9270-11D3D67EB46C}.DebugGame|HTML5.ActiveCfg = BuiltWithUnrealBuildTool|Win32
		{155683BB-5993-4075-9270-11D3D67EB46C}.DebugGame|HTML5.Build.0 = BuiltWithUnrealBuildTool|Win32
		{155683BB-5993-4075-9270-11D3D67EB46C}.DebugGame|IOS.ActiveCfg = BuiltWithUnrealBuildTool|Win32
		{155683BB-5993-4075-9270-11D3D67EB46C}.DebugGame|IOS.Build.0 = BuiltWithUnrealBuildTool|Win32
		{155683BB-5993-4075-9270-11D3D67EB46C}.DebugGame|Win32.ActiveCfg = BuiltWithUnrealBuildTool|Win32
		{155683BB-5993-4075-9270-11D3D67EB46C}.DebugGame|Win32.Build.0 = BuiltWithUnrealBuildTool|Win32
		{155683BB-5993-4075-9270-11D3D67EB46C}.DebugGame|Win64.ActiveCfg = BuiltWithUnrealBuildTool|Win32
		{155683BB-5993-4075-9270-11D3D67EB46C}.DebugGame|Win64.Build.0 = BuiltWithUnrealBuildTool|Win32
		{155683BB-5993-4075-9270-11D3D67EB46C}.Development Editor|HTML5.ActiveCfg = BuiltWithUnrealBuildTool|Win32
		{155683BB-5993-4075-9270-11D3D67EB46C}.Development Editor|HTML5.Build.0 = BuiltWithUnrealBuildTool|Win32
		{155683BB-5993-4075-9270-11D3D67EB46C}.Development Editor|IOS.ActiveCfg = BuiltWithUnrealBuildTool|Win32
		{155683BB-5993-4075-9270-11D3D67EB46C}.Development Editor|IOS.Build.0 = BuiltWithUnrealBuildTool|Win32
		{155683BB-5993-4075-9270-11D3D67EB46C}.Development Editor|Win32.ActiveCfg = BuiltWithUnrealBuildTool|Win32
		{155683BB-5993-4075-9270-11D3D67EB46C}.Development Editor|Win32.Build.0 = BuiltWithUnrealBuildTool|Win32
		{155683BB-5993-4075-9270-11D3D67EB46C}.Development Editor|Win64.ActiveCfg = BuiltWithUnrealBuildTool|Win32
		{155683BB-5993-4075-9270-11D3D67EB46C}.Development Editor|Win64.Build.0 = BuiltWithUnrealBuildTool|Win32
		{155683BB-5993-4075-9270-11D3D67EB46C}.Development|HTML5.ActiveCfg = BuiltWithUnrealBuildTool|Win32
		{155683BB-5993-4075-9270-11D3D67EB46C}.Development|HTML5.Build.0 = BuiltWithUnrealBuildTool|Win32
		{155683BB-5993-4075-9270-11D3D67EB46C}.Development|IOS.ActiveCfg = BuiltWithUnrealBuildTool|Win32
		{155683BB-5993-4075-9270-11D3D67EB46C}.Development|IOS.Build.0 = BuiltWithUnrealBuildTool|Win32
		{155683BB-5993-4075-9270-11D3D67EB46C}.Development|Win32.ActiveCfg = BuiltWithUnrealBuildTool|Win32
		{155683BB-5993-4075-9270-11D3D67EB46C}.Development|Win32.Build.0 = BuiltWithUnrealBuildTool|Win32
		{155683BB-5993-4075-9270-11D3D67EB46C}.Development|Win64.ActiveCfg = BuiltWithUnrealBuildTool|Win32
		{155683BB-5993-4075-9270-11D3D67EB46C}.Development|Win64.Build.0 = BuiltWithUnrealBuildTool|Win32
		{155683BB-5993-4075-9270-11D3D67EB46C}.Shipping|HTML5.ActiveCfg = BuiltWithUnrealBuildTool|Win32
		{155683BB-5993-4075-9270-11D3D67EB46C}.Shipping|HTML5.Build.0 = BuiltWithUnrealBuildTool|Win32
		{155683BB-5993-4075-9270-11D3D67EB46C}.Shipping|IOS.ActiveCfg = BuiltWithUnrealBuildTool|Win32
		{155683BB-5993-4075-9270-11D3D67EB46C}.Shipping|IOS.Build.0 = BuiltWithUnrealBuildTool|Win32
		{155683BB-5993-4075-9270-11D3D67EB46C}.Shipping|Win32.ActiveCfg = BuiltWithUnrealBuildTool|Win32
		{155683BB-5993-4075-9270-11D3D67EB46C}.Shipping|Win32.Build.0 = BuiltWithUnrealBuildTool|Win32
		{155683BB-5993-4075-9270-11D3D67EB46C}.Shipping|Win64.ActiveCfg = BuiltWithUnrealBuildTool|Win32
		{155683BB-5993-4075-9270-11D3D67EB46C}.Shipping|Win64.Build.0 = BuiltWithUnrealBuildTool|Win32
		{7BA5B5ED-1A2E-47CF-AD02-D047EA291CAC}.DebugGame Editor|HTML5.ActiveCfg = BuiltWithUnrealBuildTool|Win32
		{7BA5B5ED-1A2E-47CF-AD02-D047EA291CAC}.DebugGame Editor|HTML5.Build.0 = BuiltWithUnrealBuildTool|Win32
		{7BA5B5ED-1A2E-47CF-AD02-D047EA291CAC}.DebugGame Editor|IOS.ActiveCfg = BuiltWithUnrealBuildTool|Win32
		{7BA5B5ED-1A2E-47CF-AD02-D047EA291CAC}.DebugGame Editor|IOS.Build.0 = BuiltWithUnrealBuildTool|Win32
		{7BA5B5ED-1A2E-47CF-AD02-D047EA291CAC}.DebugGame Editor|Win32.ActiveCfg = BuiltWithUnrealBuildTool|Win32
		{7BA5B5ED-1A2E-47CF-AD02-D047EA291CAC}.DebugGame Editor|Win32.Build.0 = BuiltWithUnrealBuildTool|Win32
		{7BA5B5ED-1A2E-47CF-AD02-D047EA291CAC}.DebugGame Editor|Win64.ActiveCfg = BuiltWithUnrealBuildTool|Win32
		{7BA5B5ED-1A2E-47CF-AD02-D047EA291CAC}.DebugGame Editor|Win64.Build.0 = BuiltWithUnrealBuildTool|Win32
		{7BA5B5ED-1A2E-47CF-AD02-D047EA291CAC}.DebugGame|HTML5.ActiveCfg = BuiltWithUnrealBuildTool|Win32
		{7BA5B5ED-1A2E-47CF-AD02-D047EA291CAC}.DebugGame|HTML5.Build.0 = BuiltWithUnrealBuildTool|Win32
		{7BA5B5ED-1A2E-47CF-AD02-D047EA291CAC}.DebugGame|IOS.ActiveCfg = BuiltWithUnrealBuildTool|Win32
		{7BA5B5ED-1A2E-47CF-AD02-D047EA291CAC}.DebugGame|IOS.Build.0 = BuiltWithUnrealBuildTool|Win32
		{7BA5B5ED-1A2E-47CF-AD02-D047EA291CAC}.DebugGame|Win32.ActiveCfg = BuiltWithUnrealBuildTool|Win32
		{7BA5B5ED-1A2E-47CF-AD02-D047EA291CAC}.DebugGame|Win32.Build.0 = BuiltWithUnrealBuildTool|Win32
		{7BA5B5ED-1A2E-47CF-AD02-D047EA291CAC}.DebugGame|Win64.ActiveCfg = BuiltWithUnrealBuildTool|Win32
		{7BA5B5ED-1A2E-47CF-AD02-D047EA291CAC}.DebugGame|Win64.Build.0 = BuiltWithUnrealBuildTool|Win32
		{7BA5B5ED-1A2E-47CF-AD02-D047EA291CAC}.Development Editor|HTML5.ActiveCfg = BuiltWithUnrealBuildTool|Win32
		{7BA5B5ED-1A2E-47CF-AD02-D047EA291CAC}.Development Editor|HTML5.Build.0 = BuiltWithUnrealBuildTool|Win32
		{7BA5B5ED-1A2E-47CF-AD02-D047EA291CAC}.Development Editor|IOS.ActiveCfg = BuiltWithUnrealBuildTool|Win32
		{7BA5B5ED-1A2E-47CF-AD02-D047EA291CAC}.Development Editor|IOS.Build.0 = BuiltWithUnrealBuildTool|Win32
		{7BA5B5ED-1A2E-47CF-AD02-D047EA291CAC}.Development Editor|Win32.ActiveCfg = BuiltWithUnrealBuildTool|Win32
		{7BA5B5ED-1A2E-47CF-AD02-D047EA291CAC}.Development Editor|Win32.Build.0 = BuiltWithUnrealBuildTool|Win32
		{7BA5B5ED-1A2E-47CF-AD02-D047EA291CAC}.Development Editor|Win64.ActiveCfg = BuiltWithUnrealBuildTool|Win32
		{7BA5B5ED-1A2E-47CF-AD02-D047EA291CAC}.Development Editor|Win64.Build.0 = BuiltWithUnrealBuildTool|Win32
		{7BA5B5ED-1A2E-47CF-AD02-D047EA291CAC}.Development|HTML5.ActiveCfg = BuiltWithUnrealBuildTool|Win32
		{7BA5B5ED-1A2E-47CF-AD02-D047EA291CAC}.Development|HTML5.Build.0 = BuiltWithUnrealBuildTool|Win32
		{7BA5B5ED-1A2E-47CF-AD02-D047EA291CAC}.Development|IOS.ActiveCfg = BuiltWithUnrealBuildTool|Win32
		{7BA5B5ED-1A2E-47CF-AD02-D047EA291CAC}.Development|IOS.Build.0 = BuiltWithUnrealBuildTool|Win32
		{7BA5B5ED-1A2E-47CF-AD02-D047EA291CAC}.Development|Win32.ActiveCfg = BuiltWithUnrealBuildTool|Win32
		{7BA5B5ED-1A2E-47CF-AD02-D047EA291CAC}.Development|Win32.Build.0 = BuiltWithUnrealBuildTool|Win32
		{7BA5B5ED-1A2E-47CF-AD02-D047EA291CAC}.Development|Win64.ActiveCfg = BuiltWithUnrealBuildTool|Win32
		{7BA5B5ED-1A2E-47CF-AD02-D047EA291CAC}.Development|Win64.Build.0 = BuiltWithUnrealBuildTool|Win32
		{7BA5B5ED-1A2E-47CF-AD02-D047EA291CAC}.Shipping|HTML5.ActiveCfg = BuiltWithUnrealBuildTool|Win32
		{7BA5B5ED-1A2E-47CF-AD02-D047EA291CAC}.Shipping|HTML5.Build.0 = BuiltWithUnrealBuildTool|Win32
		{7BA5B5ED-1A2E-47CF-AD02-D047EA291CAC}.Shipping|IOS.ActiveCfg = BuiltWithUnrealBuildTool|Win32
		{7BA5B5ED-1A2E-47CF-AD02-D047EA291CAC}.Shipping|IOS.Build.0 = BuiltWithUnrealBuildTool|Win32
		{7BA5B5ED-1A2E-47CF-AD02-D047EA291CAC}.Shipping|Win32.ActiveCfg = BuiltWithUnrealBuildTool|Win32
		{7BA5B5ED-1A2E-47CF-AD02-D047EA291CAC}.Shipping|Win32.Build.0 = BuiltWithUnrealBuildTool|Win32
		{7BA5B5ED-1A2E-47CF-AD02-D047EA291CAC}.Shipping|Win64.ActiveCfg = BuiltWithUnrealBuildTool|Win32
		{7BA5B5ED-1A2E-47CF-AD02-D047EA291CAC}.Shipping|Win64.Build.0 = BuiltWithUnrealBuildTool|Win32
		{81F63E99-8DE3-495E-B32E-192DF01D31AB}.DebugGame Editor|HTML5.ActiveCfg = HTML5_DebugGame_Editor|Win32
		{81F63E99-8DE3-495E-B32E-192DF01D31AB}.DebugGame Editor|IOS.ActiveCfg = IOS_DebugGame_Editor|Win32
		{81F63E99-8DE3-495E-B32E-192DF01D31AB}.DebugGame Editor|Win32.ActiveCfg = DebugGame_Editor|Win32
		{81F63E99-8DE3-495E-B32E-192DF01D31AB}.DebugGame Editor|Win64.ActiveCfg = DebugGame_Editor|x64
		{81F63E99-8DE3-495E-B32E-192DF01D31AB}.DebugGame Editor|Win64.Build.0 = DebugGame_Editor|x64
		{81F63E99-8DE3-495E-B32E-192DF01D31AB}.DebugGame|HTML5.ActiveCfg = HTML5_DebugGame_Game|Win32
		{81F63E99-8DE3-495E-B32E-192DF01D31AB}.DebugGame|HTML5.Build.0 = HTML5_DebugGame_Game|Win32
		{81F63E99-8DE3-495E-B32E-192DF01D31AB}.DebugGame|IOS.ActiveCfg = IOS_DebugGame_Game|Win32
		{81F63E99-8DE3-495E-B32E-192DF01D31AB}.DebugGame|IOS.Build.0 = IOS_DebugGame_Game|Win32
		{81F63E99-8DE3-495E-B32E-192DF01D31AB}.DebugGame|Win32.ActiveCfg = DebugGame_Game|Win32
		{81F63E99-8DE3-495E-B32E-192DF01D31AB}.DebugGame|Win32.Build.0 = DebugGame_Game|Win32
		{81F63E99-8DE3-495E-B32E-192DF01D31AB}.DebugGame|Win64.ActiveCfg = DebugGame_Game|x64
		{81F63E99-8DE3-495E-B32E-192DF01D31AB}.DebugGame|Win64.Build.0 = DebugGame_Game|x64
		{81F63E99-8DE3-495E-B32E-192DF01D31AB}.Development Editor|HTML5.ActiveCfg = HTML5_Development_Editor|Win32
		{81F63E99-8DE3-495E-B32E-192DF01D31AB}.Development Editor|IOS.ActiveCfg = IOS_Development_Editor|Win32
		{81F63E99-8DE3-495E-B32E-192DF01D31AB}.Development Editor|Win32.ActiveCfg = Development_Editor|Win32
		{81F63E99-8DE3-495E-B32E-192DF01D31AB}.Development Editor|Win64.ActiveCfg = Development_Editor|x64
		{81F63E99-8DE3-495E-B32E-192DF01D31AB}.Development Editor|Win64.Build.0 = Development_Editor|x64
		{81F63E99-8DE3-495E-B32E-192DF01D31AB}.Development|HTML5.ActiveCfg = HTML5_Development_Game|Win32
		{81F63E99-8DE3-495E-B32E-192DF01D31AB}.Development|HTML5.Build.0 = HTML5_Development_Game|Win32
		{81F63E99-8DE3-495E-B32E-192DF01D31AB}.Development|IOS.ActiveCfg = IOS_Development_Game|Win32
		{81F63E99-8DE3-495E-B32E-192DF01D31AB}.Development|IOS.Build.0 = IOS_Development_Game|Win32
		{81F63E99-8DE3-495E-B32E-192DF01D31AB}.Development|Win32.ActiveCfg = Development_Game|Win32
		{81F63E99-8DE3-495E-B32E-192DF01D31AB}.Development|Win32.Build.0 = Development_Game|Win32
		{81F63E99-8DE3-495E-B32E-192DF01D31AB}.Development|Win64.ActiveCfg = Development_Game|x64
		{81F63E99-8DE3-495E-B32E-192DF01D31AB}.Development|Win64.Build.0 = Development_Game|x64
		{81F63E99-8DE3-495E-B32E-192DF01D31AB}.Shipping|HTML5.ActiveCfg = HTML5_Shipping_Game|Win32
		{81F63E99-8DE3-495E-B32E-192DF01D31AB}.Shipping|HTML5.Build.0 = HTML5_Shipping_Game|Win32
		{81F63E99-8DE3-495E-B32E-192DF01D31AB}.Shipping|IOS.ActiveCfg = IOS_Shipping_Game|Win32
		{81F63E99-8DE3-495E-B32E-192DF01D31AB}.Shipping|IOS.Build.0 = IOS_Shipping_Game|Win32
		{81F63E99-8DE3-495E-B32E-192DF01D31AB}.Shipping|Win32.ActiveCfg = Shipping_Game|Win32
		{81F63E99-8DE3-495E-B32E-192DF01D31AB}.Shipping|Win32.Build.0 = Shipping_Game|Win32
		{81F63E99-8DE3-495E-B32E-192DF01D31AB}.Shipping|Win64.ActiveCfg = Shipping_Game|x64
		{81F63E99-8DE3-495E-B32E-192DF01D31AB}.Shipping|Win64.Build.0 = Shipping_Game|x64
	EndGlobalSection
	GlobalSection(SolutionProperties) = preSolution
		HideSolutionNode = FALSE
	EndGlobalSection
	GlobalSection(NestedProjects) = preSolution
		{155683BB-5993-4075-9270-11D3D67EB46C} = {B51F0EEA-AEEF-4852-8400-B4C920E56226}
		{7BA5B5ED-1A2E-47CF-AD02-D047EA291CAC} = {9BB8090F-27E1-4939-B4F0-A8FCFEABC71B}
		{81F63E99-8DE3-495E-B32E-192DF01D31AB} = {6539D7DD-DA74-48BC-84D4-EA5A45483550}
	EndGlobalSection
	GlobalSection(ExtensibilityGlobals) = postSolution
		SolutionGuid = {D6D836C1-C708-4C38-A756-B223BE6993FA}
	EndGlobalSection
EndGlobal
